Microsoft Visual Studio Solution File, Format Version 12.00
# Visual Studio 2012
Project("{FAE04EC0-301F-11D3-BF4B-00C04F79EFBC}") = "GodotPong", "GodotPong.csproj", "{B71D7565-F8F0-4400-989E-4BAB6ED6EC64}"
EndProject
Global
	GlobalSection(SolutionConfigurationPlatforms) = preSolution
	Debug|Any CPU = Debug|Any CPU
	ExportDebug|Any CPU = ExportDebug|Any CPU
	ExportRelease|Any CPU = ExportRelease|Any CPU
	EndGlobalSection
	GlobalSection(ProjectConfigurationPlatforms) = postSolution
		{B71D7565-F8F0-4400-989E-4BAB6ED6EC64}.Debug|Any CPU.ActiveCfg = Debug|Any CPU
		{B71D7565-F8F0-4400-989E-4BAB6ED6EC64}.Debug|Any CPU.Build.0 = Debug|Any CPU
		{B71D7565-F8F0-4400-989E-4BAB6ED6EC64}.ExportDebug|Any CPU.ActiveCfg = ExportDebug|Any CPU
		{B71D7565-F8F0-4400-989E-4BAB6ED6EC64}.ExportDebug|Any CPU.Build.0 = ExportDebug|Any CPU
		{B71D7565-F8F0-4400-989E-4BAB6ED6EC64}.ExportRelease|Any CPU.ActiveCfg = ExportRelease|Any CPU
		{B71D7565-F8F0-4400-989E-4BAB6ED6EC64}.ExportRelease|Any CPU.Build.0 = ExportRelease|Any CPU
	EndGlobalSection
EndGlobal
